
Microsoft Visual Studio Solution File, Format Version 12.00
# Visual Studio 15
VisualStudioVersion = 15.0.28307.645
MinimumVisualStudioVersion = 10.0.40219.1
Project("{FAE04EC0-301F-11D3-BF4B-00C04F79EFBC}") = "WebApplication", "WebApplication\WebApplication.csproj", "{F07C6DFC-0ADB-4BF5-879A-287F2137994A}"
EndProject
Project("{FAE04EC0-301F-11D3-BF4B-00C04F79EFBC}") = "IICReport", "IICReport\IICReport.csproj", "{2D43E774-FA3E-492A-BDF0-6F850E124F7C}"
EndProject
Global
	GlobalSection(SolutionConfigurationPlatforms) = preSolution
		Debug|Any CPU = Debug|Any CPU
		Release|Any CPU = Release|Any CPU
	EndGlobalSection
	GlobalSection(ProjectConfigurationPlatforms) = postSolution
		{F07C6DFC-0ADB-4BF5-879A-287F2137994A}.Debug|Any CPU.ActiveCfg = Debug|Any CPU
		{F07C6DFC-0ADB-4BF5-879A-287F2137994A}.Debug|Any CPU.Build.0 = Debug|Any CPU
		{F07C6DFC-0ADB-4BF5-879A-287F2137994A}.Release|Any CPU.ActiveCfg = Release|Any CPU
		{F07C6DFC-0ADB-4BF5-879A-287F2137994A}.Release|Any CPU.Build.0 = Release|Any CPU
		{2D43E774-FA3E-492A-BDF0-6F850E124F7C}.Debug|Any CPU.ActiveCfg = Debug|Any CPU
		{2D43E774-FA3E-492A-BDF0-6F850E124F7C}.Debug|Any CPU.Build.0 = Debug|Any CPU
		{2D43E774-FA3E-492A-BDF0-6F850E124F7C}.Release|Any CPU.ActiveCfg = Release|Any CPU
		{2D43E774-FA3E-492A-BDF0-6F850E124F7C}.Release|Any CPU.Build.0 = Release|Any CPU
	EndGlobalSection
	GlobalSection(SolutionProperties) = preSolution
		HideSolutionNode = FALSE
	EndGlobalSection
	GlobalSection(ExtensibilityGlobals) = postSolution
		SolutionGuid = {4682048C-58EE-469E-9E25-F13520421D92}
	EndGlobalSection
EndGlobal
